
Microsoft Visual Studio Solution File, Format Version 12.00
# Visual Studio Version 16
VisualStudioVersion = 16.0.29411.108
MinimumVisualStudioVersion = 10.0.40219.1
Project("{2150E333-8FDC-42A3-9474-1A3956D46DE8}") = "Api", "Api", "{25AEF3A8-F094-4AA8-9BF1-F69E372F4202}"
EndProject
Project("{FAE04EC0-301F-11D3-BF4B-00C04F79EFBC}") = "MainIRCTC.Api", "MainIRCTC.Api\MainIRCTC.Api.csproj", "{F8E652AF-559B-472D-B292-AE653EC061A4}"
EndProject
Project("{2150E333-8FDC-42A3-9474-1A3956D46DE8}") = "Core", "Core", "{ED2A74A7-5851-4BB6-893B-105DBCC6614E}"
EndProject
Project("{FAE04EC0-301F-11D3-BF4B-00C04F79EFBC}") = "MainIRCTC.Infrastructure", "MainIRCTC.Infrastructure\MainIRCTC.Infrastructure.csproj", "{9A65C547-B0C7-4DA8-9AB2-643951CDFC0D}"
EndProject
Project("{2150E333-8FDC-42A3-9474-1A3956D46DE8}") = "Domain", "Domain", "{0D2FCA6D-0D50-4C25-9851-8F0060199BBE}"
EndProject
Project("{FAE04EC0-301F-11D3-BF4B-00C04F79EFBC}") = "MainIRCTC.Domain", "MainIRCTC.Domain\MainIRCTC.Domain.csproj", "{1E6B8287-741E-4664-B261-7B2451B019F0}"
EndProject
Project("{FAE04EC0-301F-11D3-BF4B-00C04F79EFBC}") = "MainIRCTC.BoundedContext", "MainIRCTC.BoundedContext\MainIRCTC.BoundedContext.csproj", "{3CDE8058-99A7-40DC-AD3E-4802DCD600FC}"
EndProject
Project("{FAE04EC0-301F-11D3-BF4B-00C04F79EFBC}") = "MainIRCTC.UnitOfWork", "MainIRCTC.UnitOfWork\MainIRCTC.UnitOfWork.csproj", "{76A18316-BE87-4F9E-A367-6CAB4514ADD6}"
EndProject
Project("{2150E333-8FDC-42A3-9474-1A3956D46DE8}") = "Models", "Models", "{18F9B157-CDCA-411F-8C7C-1E1C4CB76624}"
EndProject
Project("{FAE04EC0-301F-11D3-BF4B-00C04F79EFBC}") = "MainIRCTC.Models", "MainIRCTC.Models\MainIRCTC.Models.csproj", "{EF17DA37-256F-4174-A8EA-69A4221CC777}"
EndProject
Global
	GlobalSection(SolutionConfigurationPlatforms) = preSolution
		Debug|Any CPU = Debug|Any CPU
		Release|Any CPU = Release|Any CPU
	EndGlobalSection
	GlobalSection(ProjectConfigurationPlatforms) = postSolution
		{F8E652AF-559B-472D-B292-AE653EC061A4}.Debug|Any CPU.ActiveCfg = Debug|Any CPU
		{F8E652AF-559B-472D-B292-AE653EC061A4}.Debug|Any CPU.Build.0 = Debug|Any CPU
		{F8E652AF-559B-472D-B292-AE653EC061A4}.Release|Any CPU.ActiveCfg = Release|Any CPU
		{F8E652AF-559B-472D-B292-AE653EC061A4}.Release|Any CPU.Build.0 = Release|Any CPU
		{9A65C547-B0C7-4DA8-9AB2-643951CDFC0D}.Debug|Any CPU.ActiveCfg = Debug|Any CPU
		{9A65C547-B0C7-4DA8-9AB2-643951CDFC0D}.Debug|Any CPU.Build.0 = Debug|Any CPU
		{9A65C547-B0C7-4DA8-9AB2-643951CDFC0D}.Release|Any CPU.ActiveCfg = Release|Any CPU
		{9A65C547-B0C7-4DA8-9AB2-643951CDFC0D}.Release|Any CPU.Build.0 = Release|Any CPU
		{1E6B8287-741E-4664-B261-7B2451B019F0}.Debug|Any CPU.ActiveCfg = Debug|Any CPU
		{1E6B8287-741E-4664-B261-7B2451B019F0}.Debug|Any CPU.Build.0 = Debug|Any CPU
		{1E6B8287-741E-4664-B261-7B2451B019F0}.Release|Any CPU.ActiveCfg = Release|Any CPU
		{1E6B8287-741E-4664-B261-7B2451B019F0}.Release|Any CPU.Build.0 = Release|Any CPU
		{3CDE8058-99A7-40DC-AD3E-4802DCD600FC}.Debug|Any CPU.ActiveCfg = Debug|Any CPU
		{3CDE8058-99A7-40DC-AD3E-4802DCD600FC}.Debug|Any CPU.Build.0 = Debug|Any CPU
		{3CDE8058-99A7-40DC-AD3E-4802DCD600FC}.Release|Any CPU.ActiveCfg = Release|Any CPU
		{3CDE8058-99A7-40DC-AD3E-4802DCD600FC}.Release|Any CPU.Build.0 = Release|Any CPU
		{76A18316-BE87-4F9E-A367-6CAB4514ADD6}.Debug|Any CPU.ActiveCfg = Debug|Any CPU
		{76A18316-BE87-4F9E-A367-6CAB4514ADD6}.Debug|Any CPU.Build.0 = Debug|Any CPU
		{76A18316-BE87-4F9E-A367-6CAB4514ADD6}.Release|Any CPU.ActiveCfg = Release|Any CPU
		{76A18316-BE87-4F9E-A367-6CAB4514ADD6}.Release|Any CPU.Build.0 = Release|Any CPU
		{EF17DA37-256F-4174-A8EA-69A4221CC777}.Debug|Any CPU.ActiveCfg = Debug|Any CPU
		{EF17DA37-256F-4174-A8EA-69A4221CC777}.Debug|Any CPU.Build.0 = Debug|Any CPU
		{EF17DA37-256F-4174-A8EA-69A4221CC777}.Release|Any CPU.ActiveCfg = Release|Any CPU
		{EF17DA37-256F-4174-A8EA-69A4221CC777}.Release|Any CPU.Build.0 = Release|Any CPU
	EndGlobalSection
	GlobalSection(SolutionProperties) = preSolution
		HideSolutionNode = FALSE
	EndGlobalSection
	GlobalSection(NestedProjects) = preSolution
		{F8E652AF-559B-472D-B292-AE653EC061A4} = {25AEF3A8-F094-4AA8-9BF1-F69E372F4202}
		{9A65C547-B0C7-4DA8-9AB2-643951CDFC0D} = {ED2A74A7-5851-4BB6-893B-105DBCC6614E}
		{1E6B8287-741E-4664-B261-7B2451B019F0} = {0D2FCA6D-0D50-4C25-9851-8F0060199BBE}
		{3CDE8058-99A7-40DC-AD3E-4802DCD600FC} = {0D2FCA6D-0D50-4C25-9851-8F0060199BBE}
		{76A18316-BE87-4F9E-A367-6CAB4514ADD6} = {0D2FCA6D-0D50-4C25-9851-8F0060199BBE}
		{EF17DA37-256F-4174-A8EA-69A4221CC777} = {18F9B157-CDCA-411F-8C7C-1E1C4CB76624}
	EndGlobalSection
	GlobalSection(ExtensibilityGlobals) = postSolution
		SolutionGuid = {43B6D650-38DC-4680-BEF7-B5F72F01A604}
	EndGlobalSection
EndGlobal
